
Microsoft Visual Studio Solution File, Format Version 12.00
# Visual Studio Version 16
VisualStudioVersion = 16.0.29926.136
MinimumVisualStudioVersion = 15.0.26124.0
Project("{9A19103F-16F7-4668-BE54-9A1E7A4F7556}") = "WPF", "src\WPF\WPF.csproj", "{6F4C96A3-A5C5-4898-8D37-7C50E2A0E5A5}"
EndProject
Project("{9A19103F-16F7-4668-BE54-9A1E7A4F7556}") = "CoreFx", "src\CoreFx\CoreFx.csproj", "{1DA39C13-103D-4435-B738-F55FBA339140}"
EndProject
Global
	GlobalSection(SolutionConfigurationPlatforms) = preSolution
		Debug|Any CPU = Debug|Any CPU
		Debug|x64 = Debug|x64
		Debug|x86 = Debug|x86
		Release|Any CPU = Release|Any CPU
		Release|x64 = Release|x64
		Release|x86 = Release|x86
	EndGlobalSection
	GlobalSection(ProjectConfigurationPlatforms) = postSolution
		{6F4C96A3-A5C5-4898-8D37-7C50E2A0E5A5}.Debug|Any CPU.ActiveCfg = Debug|Any CPU
		{6F4C96A3-A5C5-4898-8D37-7C50E2A0E5A5}.Debug|Any CPU.Build.0 = Debug|Any CPU
		{6F4C96A3-A5C5-4898-8D37-7C50E2A0E5A5}.Debug|x64.ActiveCfg = Debug|Any CPU
		{6F4C96A3-A5C5-4898-8D37-7C50E2A0E5A5}.Debug|x64.Build.0 = Debug|Any CPU
		{6F4C96A3-A5C5-4898-8D37-7C50E2A0E5A5}.Debug|x86.ActiveCfg = Debug|Any CPU
		{6F4C96A3-A5C5-4898-8D37-7C50E2A0E5A5}.Debug|x86.Build.0 = Debug|Any CPU
		{6F4C96A3-A5C5-4898-8D37-7C50E2A0E5A5}.Release|Any CPU.ActiveCfg = Release|Any CPU
		{6F4C96A3-A5C5-4898-8D37-7C50E2A0E5A5}.Release|Any CPU.Build.0 = Release|Any CPU
		{6F4C96A3-A5C5-4898-8D37-7C50E2A0E5A5}.Release|x64.ActiveCfg = Release|Any CPU
		{6F4C96A3-A5C5-4898-8D37-7C50E2A0E5A5}.Release|x64.Build.0 = Release|Any CPU
		{6F4C96A3-A5C5-4898-8D37-7C50E2A0E5A5}.Release|x86.ActiveCfg = Release|Any CPU
		{6F4C96A3-A5C5-4898-8D37-7C50E2A0E5A5}.Release|x86.Build.0 = Release|Any CPU
		{1DA39C13-103D-4435-B738-F55FBA339140}.Debug|Any CPU.ActiveCfg = Debug|Any CPU
		{1DA39C13-103D-4435-B738-F55FBA339140}.Debug|Any CPU.Build.0 = Debug|Any CPU
		{1DA39C13-103D-4435-B738-F55FBA339140}.Debug|x64.ActiveCfg = Debug|Any CPU
		{1DA39C13-103D-4435-B738-F55FBA339140}.Debug|x64.Build.0 = Debug|Any CPU
		{1DA39C13-103D-4435-B738-F55FBA339140}.Debug|x86.ActiveCfg = Debug|Any CPU
		{1DA39C13-103D-4435-B738-F55FBA339140}.Debug|x86.Build.0 = Debug|Any CPU
		{1DA39C13-103D-4435-B738-F55FBA339140}.Release|Any CPU.ActiveCfg = Release|Any CPU
		{1DA39C13-103D-4435-B738-F55FBA339140}.Release|Any CPU.Build.0 = Release|Any CPU
		{1DA39C13-103D-4435-B738-F55FBA339140}.Release|x64.ActiveCfg = Release|Any CPU
		{1DA39C13-103D-4435-B738-F55FBA339140}.Release|x64.Build.0 = Release|Any CPU
		{1DA39C13-103D-4435-B738-F55FBA339140}.Release|x86.ActiveCfg = Release|Any CPU
		{1DA39C13-103D-4435-B738-F55FBA339140}.Release|x86.Build.0 = Release|Any CPU
	EndGlobalSection
	GlobalSection(SolutionProperties) = preSolution
		HideSolutionNode = FALSE
	EndGlobalSection
	GlobalSection(ExtensibilityGlobals) = postSolution
		SolutionGuid = {0E6DDB34-A122-44D4-8873-B3518AFB5172}
	EndGlobalSection
EndGlobal
